// !$*UTF8*$!
{
	archiveVersion = 1;
	classes = {
	};
	objectVersion = 55;
	objects = {

/* Begin PBXBuildFile section */
		EF693792280C1C490011C4F4 /* AppDelegate.swift in Sources */ = {isa = PBXBuildFile; fileRef = EF693791280C1C490011C4F4 /* AppDelegate.swift */; };
		EF693794280C1C490011C4F4 /* SceneDelegate.swift in Sources */ = {isa = PBXBuildFile; fileRef = EF693793280C1C490011C4F4 /* SceneDelegate.swift */; };
		EF693796280C1C490011C4F4 /* ViewController.swift in Sources */ = {isa = PBXBuildFile; fileRef = EF693795280C1C490011C4F4 /* ViewController.swift */; };
		EF693799280C1C490011C4F4 /* Main.storyboard in Resources */ = {isa = PBXBuildFile; fileRef = EF693797280C1C490011C4F4 /* Main.storyboard */; };
		EF69379B280C1C4A0011C4F4 /* Assets.xcassets in Resources */ = {isa = PBXBuildFile; fileRef = EF69379A280C1C4A0011C4F4 /* Assets.xcassets */; };
		EF69379E280C1C4A0011C4F4 /* LaunchScreen.storyboard in Resources */ = {isa = PBXBuildFile; fileRef = EF69379C280C1C4A0011C4F4 /* LaunchScreen.storyboard */; };
		EF6937A9280C1C4A0011C4F4 /* DogsTests.swift in Sources */ = {isa = PBXBuildFile; fileRef = EF6937A8280C1C4A0011C4F4 /* DogsTests.swift */; };
		EF6937B3280C1C4A0011C4F4 /* DogsUITests.swift in Sources */ = {isa = PBXBuildFile; fileRef = EF6937B2280C1C4A0011C4F4 /* DogsUITests.swift */; };
		EF6937B5280C1C4A0011C4F4 /* DogsUITestsLaunchTests.swift in Sources */ = {isa = PBXBuildFile; fileRef = EF6937B4280C1C4A0011C4F4 /* DogsUITestsLaunchTests.swift */; };
/* End PBXBuildFile section */

/* Begin PBXContainerItemProxy section */
		EF6937A5280C1C4A0011C4F4 /* PBXContainerItemProxy */ = {
			isa = PBXContainerItemProxy;
			containerPortal = EF693786280C1C490011C4F4 /* Project object */;
			proxyType = 1;
			remoteGlobalIDString = EF69378D280C1C490011C4F4;
			remoteInfo = Dogs;
		};
		EF6937AF280C1C4A0011C4F4 /* PBXContainerItemProxy */ = {
			isa = PBXContainerItemProxy;
			containerPortal = EF693786280C1C490011C4F4 /* Project object */;
			proxyType = 1;
			remoteGlobalIDString = EF69378D280C1C490011C4F4;
			remoteInfo = Dogs;
		};
/* End PBXContainerItemProxy section */

/* Begin PBXFileReference section */
		EF69378E280C1C490011C4F4 /* Dogs.app */ = {isa = PBXFileReference; explicitFileType = wrapper.application; includeInIndex = 0; path = Dogs.app; sourceTree = BUILT_PRODUCTS_DIR; };
		EF693791280C1C490011C4F4 /* AppDelegate.swift */ = {isa = PBXFileReference; lastKnownFileType = sourcecode.swift; path = AppDelegate.swift; sourceTree = "<group>"; };
		EF693793280C1C490011C4F4 /* SceneDelegate.swift */ = {isa = PBXFileReference; lastKnownFileType = sourcecode.swift; path = SceneDelegate.swift; sourceTree = "<group>"; };
		EF693795280C1C490011C4F4 /* ViewController.swift */ = {isa = PBXFileReference; lastKnownFileType = sourcecode.swift; path = ViewController.swift; sourceTree = "<group>"; };
		EF693798280C1C490011C4F4 /* Base */ = {isa = PBXFileReference; lastKnownFileType = file.storyboard; name = Base; path = Base.lproj/Main.storyboard; sourceTree = "<group>"; };
		EF69379A280C1C4A0011C4F4 /* Assets.xcassets */ = {isa = PBXFileReference; lastKnownFileType = folder.assetcatalog; path = Assets.xcassets; sourceTree = "<group>"; };
		EF69379D280C1C4A0011C4F4 /* Base */ = {isa = PBXFileReference; lastKnownFileType = file.storyboard; name = Base; path = Base.lproj/LaunchScreen.storyboard; sourceTree = "<group>"; };
		EF69379F280C1C4A0011C4F4 /* Info.plist */ = {isa = PBXFileReference; lastKnownFileType = text.plist.xml; path = Info.plist; sourceTree = "<group>"; };
		EF6937A4280C1C4A0011C4F4 /* DogsTests.xctest */ = {isa = PBXFileReference; explicitFileType = wrapper.cfbundle; includeInIndex = 0; path = DogsTests.xctest; sourceTree = BUILT_PRODUCTS_DIR; };
		EF6937A8280C1C4A0011C4F4 /* DogsTests.swift */ = {isa = PBXFileReference; lastKnownFileType = sourcecode.swift; path = DogsTests.swift; sourceTree = "<group>"; };
		EF6937AE280C1C4A0011C4F4 /* DogsUITests.xctest */ = {isa = PBXFileReference; explicitFileType = wrapper.cfbundle; includeInIndex = 0; path = DogsUITests.xctest; sourceTree = BUILT_PRODUCTS_DIR; };
		EF6937B2280C1C4A0011C4F4 /* DogsUITests.swift */ = {isa = PBXFileReference; lastKnownFileType = sourcecode.swift; path = DogsUITests.swift; sourceTree = "<group>"; };
		EF6937B4280C1C4A0011C4F4 /* DogsUITestsLaunchTests.swift */ = {isa = PBXFileReference; lastKnownFileType = sourcecode.swift; path = DogsUITestsLaunchTests.swift; sourceTree = "<group>"; };
/* End PBXFileReference section */

/* Begin PBXFrameworksBuildPhase section */
		EF69378B280C1C490011C4F4 /* Frameworks */ = {
			isa = PBXFrameworksBuildPhase;
			buildActionMask = 2147483647;
			files = (
			);
			runOnlyForDeploymentPostprocessing = 0;
		};
		EF6937A1280C1C4A0011C4F4 /* Frameworks */ = {
			isa = PBXFrameworksBuildPhase;
			buildActionMask = 2147483647;
			files = (
			);
			runOnlyForDeploymentPostprocessing = 0;
		};
		EF6937AB280C1C4A0011C4F4 /* Frameworks */ = {
			isa = PBXFrameworksBuildPhase;
			buildActionMask = 2147483647;
			files = (
			);
			runOnlyForDeploymentPostprocessing = 0;
		};
/* End PBXFrameworksBuildPhase section */

/* Begin PBXGroup section */
		EF693785280C1C490011C4F4 = {
			isa = PBXGroup;
			children = (
				EF693790280C1C490011C4F4 /* Dogs */,
				EF6937A7280C1C4A0011C4F4 /* DogsTests */,
				EF6937B1280C1C4A0011C4F4 /* DogsUITests */,
				EF69378F280C1C490011C4F4 /* Products */,
			);
			sourceTree = "<group>";
		};
		EF69378F280C1C490011C4F4 /* Products */ = {
			isa = PBXGroup;
			children = (
				EF69378E280C1C490011C4F4 /* Dogs.app */,
				EF6937A4280C1C4A0011C4F4 /* DogsTests.xctest */,
				EF6937AE280C1C4A0011C4F4 /* DogsUITests.xctest */,
			);
			name = Products;
			sourceTree = "<group>";
		};
		EF693790280C1C490011C4F4 /* Dogs */ = {
			isa = PBXGroup;
			children = (
				EF693791280C1C490011C4F4 /* AppDelegate.swift */,
				EF693793280C1C490011C4F4 /* SceneDelegate.swift */,
				EF693795280C1C490011C4F4 /* ViewController.swift */,
				EF693797280C1C490011C4F4 /* Main.storyboard */,
				EF69379A280C1C4A0011C4F4 /* Assets.xcassets */,
				EF69379C280C1C4A0011C4F4 /* LaunchScreen.storyboard */,
				EF69379F280C1C4A0011C4F4 /* Info.plist */,
			);
			path = Dogs;
			sourceTree = "<group>";
		};
		EF6937A7280C1C4A0011C4F4 /* DogsTests */ = {
			isa = PBXGroup;
			children = (
				EF6937A8280C1C4A0011C4F4 /* DogsTests.swift */,
			);
			path = DogsTests;
			sourceTree = "<group>";
		};
		EF6937B1280C1C4A0011C4F4 /* DogsUITests */ = {
			isa = PBXGroup;
			children = (
				EF6937B2280C1C4A0011C4F4 /* DogsUITests.swift */,
				EF6937B4280C1C4A0011C4F4 /* DogsUITestsLaunchTests.swift */,
			);
			path = DogsUITests;
			sourceTree = "<group>";
		};
/* End PBXGroup section */

/* Begin PBXNativeTarget section */
		EF69378D280C1C490011C4F4 /* Dogs */ = {
			isa = PBXNativeTarget;
			buildConfigurationList = EF6937B8280C1C4A0011C4F4 /* Build configuration list for PBXNativeTarget "Dogs" */;
			buildPhases = (
				EF69378A280C1C490011C4F4 /* Sources */,
				EF69378B280C1C490011C4F4 /* Frameworks */,
				EF69378C280C1C490011C4F4 /* Resources */,
			);
			buildRules = (
			);
			dependencies = (
			);
			name = Dogs;
			productName = Dogs;
			productReference = EF69378E280C1C490011C4F4 /* Dogs.app */;
			productType = "com.apple.product-type.application";
		};
		EF6937A3280C1C4A0011C4F4 /* DogsTests */ = {
			isa = PBXNativeTarget;
			buildConfigurationList = EF6937BB280C1C4A0011C4F4 /* Build configuration list for PBXNativeTarget "DogsTests" */;
			buildPhases = (
				EF6937A0280C1C4A0011C4F4 /* Sources */,
				EF6937A1280C1C4A0011C4F4 /* Frameworks */,
				EF6937A2280C1C4A0011C4F4 /* Resources */,
			);
			buildRules = (
			);
			dependencies = (
				EF6937A6280C1C4A0011C4F4 /* PBXTargetDependency */,
			);
			name = DogsTests;
			productName = DogsTests;
			productReference = EF6937A4280C1C4A0011C4F4 /* DogsTests.xctest */;
			productType = "com.apple.product-type.bundle.unit-test";
		};
		EF6937AD280C1C4A0011C4F4 /* DogsUITests */ = {
			isa = PBXNativeTarget;
			buildConfigurationList = EF6937BE280C1C4A0011C4F4 /* Build configuration list for PBXNativeTarget "DogsUITests" */;
			buildPhases = (
				EF6937AA280C1C4A0011C4F4 /* Sources */,
				EF6937AB280C1C4A0011C4F4 /* Frameworks */,
				EF6937AC280C1C4A0011C4F4 /* Resources */,
			);
			buildRules = (
			);
			dependencies = (
				EF6937B0280C1C4A0011C4F4 /* PBXTargetDependency */,
			);
			name = DogsUITests;
			productName = DogsUITests;
			productReference = EF6937AE280C1C4A0011C4F4 /* DogsUITests.xctest */;
			productType = "com.apple.product-type.bundle.ui-testing";
		};
/* End PBXNativeTarget section */

/* Begin PBXProject section */
		EF693786280C1C490011C4F4 /* Project object */ = {
			isa = PBXProject;
			attributes = {
				BuildIndependentTargetsInParallel = 1;
				LastSwiftUpdateCheck = 1320;
				LastUpgradeCheck = 1320;
				TargetAttributes = {
					EF69378D280C1C490011C4F4 = {
						CreatedOnToolsVersion = 13.2.1;
					};
					EF6937A3280C1C4A0011C4F4 = {
						CreatedOnToolsVersion = 13.2.1;
						TestTargetID = EF69378D280C1C490011C4F4;
					};
					EF6937AD280C1C4A0011C4F4 = {
						CreatedOnToolsVersion = 13.2.1;
						TestTargetID = EF69378D280C1C490011C4F4;
					};
				};
			};
			buildConfigurationList = EF693789280C1C490011C4F4 /* Build configuration list for PBXProject "Dogs" */;
			compatibilityVersion = "Xcode 13.0";
			developmentRegion = en;
			hasScannedForEncodings = 0;
			knownRegions = (
				en,
				Base,
			);
			mainGroup = EF693785280C1C490011C4F4;
			productRefGroup = EF69378F280C1C490011C4F4 /* Products */;
			projectDirPath = "";
			projectRoot = "";
			targets = (
				EF69378D280C1C490011C4F4 /* Dogs */,
				EF6937A3280C1C4A0011C4F4 /* DogsTests */,
				EF6937AD280C1C4A0011C4F4 /* DogsUITests */,
			);
		};
/* End PBXProject section */

/* Begin PBXResourcesBuildPhase section */
		EF69378C280C1C490011C4F4 /* Resources */ = {
			isa = PBXResourcesBuildPhase;
			buildActionMask = 2147483647;
			files = (
				EF69379E280C1C4A0011C4F4 /* LaunchScreen.storyboard in Resources */,
				EF69379B280C1C4A0011C4F4 /* Assets.xcassets in Resources */,
				EF693799280C1C490011C4F4 /* Main.storyboard in Resources */,
			);
			runOnlyForDeploymentPostprocessing = 0;
		};
		EF6937A2280C1C4A0011C4F4 /* Resources */ = {
			isa = PBXResourcesBuildPhase;
			buildActionMask = 2147483647;
			files = (
			);
			runOnlyForDeploymentPostprocessing = 0;
		};
		EF6937AC280C1C4A0011C4F4 /* Resources */ = {
			isa = PBXResourcesBuildPhase;
			buildActionMask = 2147483647;
			files = (
			);
			runOnlyForDeploymentPostprocessing = 0;
		};
/* End PBXResourcesBuildPhase section */

/* Begin PBXSourcesBuildPhase section */
		EF69378A280C1C490011C4F4 /* Sources */ = {
			isa = PBXSourcesBuildPhase;
			buildActionMask = 2147483647;
			files = (
				EF693796280C1C490011C4F4 /* ViewController.swift in Sources */,
				EF693792280C1C490011C4F4 /* AppDelegate.swift in Sources */,
				EF693794280C1C490011C4F4 /* SceneDelegate.swift in Sources */,
			);
			runOnlyForDeploymentPostprocessing = 0;
		};
		EF6937A0280C1C4A0011C4F4 /* Sources */ = {
			isa = PBXSourcesBuildPhase;
			buildActionMask = 2147483647;
			files = (
				EF6937A9280C1C4A0011C4F4 /* DogsTests.swift in Sources */,
			);
			runOnlyForDeploymentPostprocessing = 0;
		};
		EF6937AA280C1C4A0011C4F4 /* Sources */ = {
			isa = PBXSourcesBuildPhase;
			buildActionMask = 2147483647;
			files = (
				EF6937B3280C1C4A0011C4F4 /* DogsUITests.swift in Sources */,
				EF6937B5280C1C4A0011C4F4 /* DogsUITestsLaunchTests.swift in Sources */,
			);
			runOnlyForDeploymentPostprocessing = 0;
		};
/* End PBXSourcesBuildPhase section */

/* Begin PBXTargetDependency section */
		EF6937A6280C1C4A0011C4F4 /* PBXTargetDependency */ = {
			isa = PBXTargetDependency;
			target = EF69378D280C1C490011C4F4 /* Dogs */;
			targetProxy = EF6937A5280C1C4A0011C4F4 /* PBXContainerItemProxy */;
		};
		EF6937B0280C1C4A0011C4F4 /* PBXTargetDependency */ = {
			isa = PBXTargetDependency;
			target = EF69378D280C1C490011C4F4 /* Dogs */;
			targetProxy = EF6937AF280C1C4A0011C4F4 /* PBXContainerItemProxy */;
		};
/* End PBXTargetDependency section */

/* Begin PBXVariantGroup section */
		EF693797280C1C490011C4F4 /* Main.storyboard */ = {
			isa = PBXVariantGroup;
			children = (
				EF693798280C1C490011C4F4 /* Base */,
			);
			name = Main.storyboard;
			sourceTree = "<group>";
		};
		EF69379C280C1C4A0011C4F4 /* LaunchScreen.storyboard */ = {
			isa = PBXVariantGroup;
			children = (
				EF69379D280C1C4A0011C4F4 /* Base */,
			);
			name = LaunchScreen.storyboard;
			sourceTree = "<group>";
		};
/* End PBXVariantGroup section */

/* Begin XCBuildConfiguration section */
		EF6937B6280C1C4A0011C4F4 /* Debug */ = {
			isa = XCBuildConfiguration;
			buildSettings = {
				ALWAYS_SEARCH_USER_PATHS = NO;
				CLANG_ANALYZER_NONNULL = YES;
				CLANG_ANALYZER_NUMBER_OBJECT_CONVERSION = YES_AGGRESSIVE;
				CLANG_CXX_LANGUAGE_STANDARD = "gnu++17";
				CLANG_CXX_LIBRARY = "libc++";
				CLANG_ENABLE_MODULES = YES;
				CLANG_ENABLE_OBJC_ARC = YES;
				CLANG_ENABLE_OBJC_WEAK = YES;
				CLANG_WARN_BLOCK_CAPTURE_AUTORELEASING = YES;
				CLANG_WARN_BOOL_CONVERSION = YES;
				CLANG_WARN_COMMA = YES;
				CLANG_WARN_CONSTANT_CONVERSION = YES;
				CLANG_WARN_DEPRECATED_OBJC_IMPLEMENTATIONS = YES;
				CLANG_WARN_DIRECT_OBJC_ISA_USAGE = YES_ERROR;
				CLANG_WARN_DOCUMENTATION_COMMENTS = YES;
				CLANG_WARN_EMPTY_BODY = YES;
				CLANG_WARN_ENUM_CONVERSION = YES;
				CLANG_WARN_INFINITE_RECURSION = YES;
				CLANG_WARN_INT_CONVERSION = YES;
				CLANG_WARN_NON_LITERAL_NULL_CONVERSION = YES;
				CLANG_WARN_OBJC_IMPLICIT_RETAIN_SELF = YES;
				CLANG_WARN_OBJC_LITERAL_CONVERSION = YES;
				CLANG_WARN_OBJC_ROOT_CLASS = YES_ERROR;
				CLANG_WARN_QUOTED_INCLUDE_IN_FRAMEWORK_HEADER = YES;
				CLANG_WARN_RANGE_LOOP_ANALYSIS = YES;
				CLANG_WARN_STRICT_PROTOTYPES = YES;
				CLANG_WARN_SUSPICIOUS_MOVE = YES;
				CLANG_WARN_UNGUARDED_AVAILABILITY = YES_AGGRESSIVE;
				CLANG_WARN_UNREACHABLE_CODE = YES;
				CLANG_WARN__DUPLICATE_METHOD_MATCH = YES;
				COPY_PHASE_STRIP = NO;
				DEBUG_INFORMATION_FORMAT = dwarf;
				ENABLE_STRICT_OBJC_MSGSEND = YES;
				ENABLE_TESTABILITY = YES;
				GCC_C_LANGUAGE_STANDARD = gnu11;
				GCC_DYNAMIC_NO_PIC = NO;
				GCC_NO_COMMON_BLOCKS = YES;
				GCC_OPTIMIZATION_LEVEL = 0;
				GCC_PREPROCESSOR_DEFINITIONS = (
					"DEBUG=1",
					"$(inherited)",
				);
				GCC_WARN_64_TO_32_BIT_CONVERSION = YES;
				GCC_WARN_ABOUT_RETURN_TYPE = YES_ERROR;
				GCC_WARN_UNDECLARED_SELECTOR = YES;
				GCC_WARN_UNINITIALIZED_AUTOS = YES_AGGRESSIVE;
				GCC_WARN_UNUSED_FUNCTION = YES;
				GCC_WARN_UNUSED_VARIABLE = YES;
				IPHONEOS_DEPLOYMENT_TARGET = 15.2;
				MTL_ENABLE_DEBUG_INFO = INCLUDE_SOURCE;
				MTL_FAST_MATH = YES;
				ONLY_ACTIVE_ARCH = YES;
				SDKROOT = iphoneos;
				SWIFT_ACTIVE_COMPILATION_CONDITIONS = DEBUG;
				SWIFT_OPTIMIZATION_LEVEL = "-Onone";
			};
			name = Debug;
		};
		EF6937B7280C1C4A0011C4F4 /* Release */ = {
			isa = XCBuildConfiguration;
			buildSettings = {
				ALWAYS_SEARCH_USER_PATHS = NO;
				CLANG_ANALYZER_NONNULL = YES;
				CLANG_ANALYZER_NUMBER_OBJECT_CONVERSION = YES_AGGRESSIVE;
				CLANG_CXX_LANGUAGE_STANDARD = "gnu++17";
				CLANG_CXX_LIBRARY = "libc++";
				CLANG_ENABLE_MODULES = YES;
				CLANG_ENABLE_OBJC_ARC = YES;
				CLANG_ENABLE_OBJC_WEAK = YES;
				CLANG_WARN_BLOCK_CAPTURE_AUTORELEASING = YES;
				CLANG_WARN_BOOL_CONVERSION = YES;
				CLANG_WARN_COMMA = YES;
				CLANG_WARN_CONSTANT_CONVERSION = YES;
				CLANG_WARN_DEPRECATED_OBJC_IMPLEMENTATIONS = YES;
				CLANG_WARN_DIRECT_OBJC_ISA_USAGE = YES_ERROR;
				CLANG_WARN_DOCUMENTATION_COMMENTS = YES;
				CLANG_WARN_EMPTY_BODY = YES;
				CLANG_WARN_ENUM_CONVERSION = YES;
				CLANG_WARN_INFINITE_RECURSION = YES;
				CLANG_WARN_INT_CONVERSION = YES;
				CLANG_WARN_NON_LITERAL_NULL_CONVERSION = YES;
				CLANG_WARN_OBJC_IMPLICIT_RETAIN_SELF = YES;
				CLANG_WARN_OBJC_LITERAL_CONVERSION = YES;
				CLANG_WARN_OBJC_ROOT_CLASS = YES_ERROR;
				CLANG_WARN_QUOTED_INCLUDE_IN_FRAMEWORK_HEADER = YES;
				CLANG_WARN_RANGE_LOOP_ANALYSIS = YES;
				CLANG_WARN_STRICT_PROTOTYPES = YES;
				CLANG_WARN_SUSPICIOUS_MOVE = YES;
				CLANG_WARN_UNGUARDED_AVAILABILITY = YES_AGGRESSIVE;
				CLANG_WARN_UNREACHABLE_CODE = YES;
				CLANG_WARN__DUPLICATE_METHOD_MATCH = YES;
				COPY_PHASE_STRIP = NO;
				DEBUG_INFORMATION_FORMAT = "dwarf-with-dsym";
				ENABLE_NS_ASSERTIONS = NO;
				ENABLE_STRICT_OBJC_MSGSEND = YES;
				GCC_C_LANGUAGE_STANDARD = gnu11;
				GCC_NO_COMMON_BLOCKS = YES;
				GCC_WARN_64_TO_32_BIT_CONVERSION = YES;
				GCC_WARN_ABOUT_RETURN_TYPE = YES_ERROR;
				GCC_WARN_UNDECLARED_SELECTOR = YES;
				GCC_WARN_UNINITIALIZED_AUTOS = YES_AGGRESSIVE;
				GCC_WARN_UNUSED_FUNCTION = YES;
				GCC_WARN_UNUSED_VARIABLE = YES;
				IPHONEOS_DEPLOYMENT_TARGET = 15.2;
				MTL_ENABLE_DEBUG_INFO = NO;
				MTL_FAST_MATH = YES;
				SDKROOT = iphoneos;
				SWIFT_COMPILATION_MODE = wholemodule;
				SWIFT_OPTIMIZATION_LEVEL = "-O";
				VALIDATE_PRODUCT = YES;
			};
			name = Release;
		};
		EF6937B9280C1C4A0011C4F4 /* Debug */ = {
			isa = XCBuildConfiguration;
			buildSettings = {
				ASSETCATALOG_COMPILER_APPICON_NAME = AppIcon;
				ASSETCATALOG_COMPILER_GLOBAL_ACCENT_COLOR_NAME = AccentColor;
				CODE_SIGN_STYLE = Manual;
				CURRENT_PROJECT_VERSION = 1;
				DEVELOPMENT_TEAM = "";
				GENERATE_INFOPLIST_FILE = YES;
				INFOPLIST_FILE = Dogs/Info.plist;
				INFOPLIST_KEY_UIApplicationSupportsIndirectInputEvents = YES;
				INFOPLIST_KEY_UILaunchStoryboardName = LaunchScreen;
				INFOPLIST_KEY_UIMainStoryboardFile = Main;
				INFOPLIST_KEY_UISupportedInterfaceOrientations_iPad = "UIInterfaceOrientationPortrait UIInterfaceOrientationPortraitUpsideDown UIInterfaceOrientationLandscapeLeft UIInterfaceOrientationLandscapeRight";
				INFOPLIST_KEY_UISupportedInterfaceOrientations_iPhone = "UIInterfaceOrientationPortrait UIInterfaceOrientationLandscapeLeft UIInterfaceOrientationLandscapeRight";
				LD_RUNPATH_SEARCH_PATHS = (
					"$(inherited)",
					"@executable_path/Frameworks",
				);
				MARKETING_VERSION = 1.0;
				PRODUCT_BUNDLE_IDENTIFIER = com.vitaliikuznetsov.Dogs;
				PRODUCT_NAME = "$(TARGET_NAME)";
				PROVISIONING_PROFILE_SPECIFIER = "";
				SWIFT_EMIT_LOC_STRINGS = YES;
				SWIFT_VERSION = 5.0;
				TARGETED_DEVICE_FAMILY = 1;
			};
			name = Debug;
		};
		EF6937BA280C1C4A0011C4F4 /* Release */ = {
			isa = XCBuildConfiguration;
			buildSettings = {
				ASSETCATALOG_COMPILER_APPICON_NAME = AppIcon;
				ASSETCATALOG_COMPILER_GLOBAL_ACCENT_COLOR_NAME = AccentColor;
				CODE_SIGN_STYLE = Manual;
				CURRENT_PROJECT_VERSION = 1;
				DEVELOPMENT_TEAM = "";
				GENERATE_INFOPLIST_FILE = YES;
				INFOPLIST_FILE = Dogs/Info.plist;
				INFOPLIST_KEY_UIApplicationSupportsIndirectInputEvents = YES;
				INFOPLIST_KEY_UILaunchStoryboardName = LaunchScreen;
				INFOPLIST_KEY_UIMainStoryboardFile = Main;
				INFOPLIST_KEY_UISupportedInterfaceOrientations_iPad = "UIInterfaceOrientationPortrait UIInterfaceOrientationPortraitUpsideDown UIInterfaceOrientationLandscapeLeft UIInterfaceOrientationLandscapeRight";
				INFOPLIST_KEY_UISupportedInterfaceOrientations_iPhone = "UIInterfaceOrientationPortrait UIInterfaceOrientationLandscapeLeft UIInterfaceOrientationLandscapeRight";
				LD_RUNPATH_SEARCH_PATHS = (
					"$(inherited)",
					"@executable_path/Frameworks",
				);
				MARKETING_VERSION = 1.0;
				PRODUCT_BUNDLE_IDENTIFIER = com.vitaliikuznetsov.Dogs;
				PRODUCT_NAME = "$(TARGET_NAME)";
				PROVISIONING_PROFILE_SPECIFIER = "";
				SWIFT_EMIT_LOC_STRINGS = YES;
				SWIFT_VERSION = 5.0;
				TARGETED_DEVICE_FAMILY = 1;
			};
			name = Release;
		};
		EF6937BC280C1C4A0011C4F4 /* Debug */ = {
			isa = XCBuildConfiguration;
			buildSettings = {
				ALWAYS_EMBED_SWIFT_STANDARD_LIBRARIES = YES;
				BUNDLE_LOADER = "$(TEST_HOST)";
				CODE_SIGN_STYLE = Manual;
				CURRENT_PROJECT_VERSION = 1;
				DEVELOPMENT_TEAM = "";
				GENERATE_INFOPLIST_FILE = YES;
				IPHONEOS_DEPLOYMENT_TARGET = 15.2;
				MARKETING_VERSION = 1.0;
				PRODUCT_BUNDLE_IDENTIFIER = com.vitaliikuznetsov.DogsTests;
				PRODUCT_NAME = "$(TARGET_NAME)";
				PROVISIONING_PROFILE_SPECIFIER = "";
				"PROVISIONING_PROFILE_SPECIFIER[sdk=macosx*]" = "";
				SWIFT_EMIT_LOC_STRINGS = NO;
				SWIFT_VERSION = 5.0;
				TARGETED_DEVICE_FAMILY = "1,2";
				TEST_HOST = "$(BUILT_PRODUCTS_DIR)/Dogs.app/Dogs";
			};
			name = Debug;
		};
		EF6937BD280C1C4A0011C4F4 /* Release */ = {
			isa = XCBuildConfiguration;
			buildSettings = {
				ALWAYS_EMBED_SWIFT_STANDARD_LIBRARIES = YES;
				BUNDLE_LOADER = "$(TEST_HOST)";
				CODE_SIGN_STYLE = Manual;
				CURRENT_PROJECT_VERSION = 1;
				DEVELOPMENT_TEAM = "";
				GENERATE_INFOPLIST_FILE = YES;
				IPHONEOS_DEPLOYMENT_TARGET = 15.2;
				MARKETING_VERSION = 1.0;
				PRODUCT_BUNDLE_IDENTIFIER = com.vitaliikuznetsov.DogsTests;
				PRODUCT_NAME = "$(TARGET_NAME)";
				PROVISIONING_PROFILE_SPECIFIER = "";
				"PROVISIONING_PROFILE_SPECIFIER[sdk=macosx*]" = "";
				SWIFT_EMIT_LOC_STRINGS = NO;
				SWIFT_VERSION = 5.0;
				TARGETED_DEVICE_FAMILY = "1,2";
				TEST_HOST = "$(BUILT_PRODUCTS_DIR)/Dogs.app/Dogs";
			};
			name = Release;
		};
		EF6937BF280C1C4A0011C4F4 /* Debug */ = {
			isa = XCBuildConfiguration;
			buildSettings = {
				ALWAYS_EMBED_SWIFT_STANDARD_LIBRARIES = YES;
				CODE_SIGN_STYLE = Manual;
				CURRENT_PROJECT_VERSION = 1;
				DEVELOPMENT_TEAM = "";
				GENERATE_INFOPLIST_FILE = YES;
				MARKETING_VERSION = 1.0;
				PRODUCT_BUNDLE_IDENTIFIER = com.vitaliikuznetsov.DogsUITests;
				PRODUCT_NAME = "$(TARGET_NAME)";
				PROVISIONING_PROFILE_SPECIFIER = "";
				"PROVISIONING_PROFILE_SPECIFIER[sdk=macosx*]" = "";
				SWIFT_EMIT_LOC_STRINGS = NO;
				SWIFT_VERSION = 5.0;
				TARGETED_DEVICE_FAMILY = "1,2";
				TEST_TARGET_NAME = Dogs;
			};
			name = Debug;
		};
		EF6937C0280C1C4A0011C4F4 /* Release */ = {
			isa = XCBuildConfiguration;
			buildSettings = {
				ALWAYS_EMBED_SWIFT_STANDARD_LIBRARIES = YES;
				CODE_SIGN_STYLE = Manual;
				CURRENT_PROJECT_VERSION = 1;
				DEVELOPMENT_TEAM = "";
				GENERATE_INFOPLIST_FILE = YES;
				MARKETING_VERSION = 1.0;
				PRODUCT_BUNDLE_IDENTIFIER = com.vitaliikuznetsov.DogsUITests;
				PRODUCT_NAME = "$(TARGET_NAME)";
				PROVISIONING_PROFILE_SPECIFIER = "";
				"PROVISIONING_PROFILE_SPECIFIER[sdk=macosx*]" = "";
				SWIFT_EMIT_LOC_STRINGS = NO;
				SWIFT_VERSION = 5.0;
				TARGETED_DEVICE_FAMILY = "1,2";
				TEST_TARGET_NAME = Dogs;
			};
			name = Release;
		};
/* End XCBuildConfiguration section */

/* Begin XCConfigurationList section */
		EF693789280C1C490011C4F4 /* Build configuration list for PBXProject "Dogs" */ = {
			isa = XCConfigurationList;
			buildConfigurations = (
				EF6937B6280C1C4A0011C4F4 /* Debug */,
				EF6937B7280C1C4A0011C4F4 /* Release */,
			);
			defaultConfigurationIsVisible = 0;
			defaultConfigurationName = Release;
		};
		EF6937B8280C1C4A0011C4F4 /* Build configuration list for PBXNativeTarget "Dogs" */ = {
			isa = XCConfigurationList;
			buildConfigurations = (
				EF6937B9280C1C4A0011C4F4 /* Debug */,
				EF6937BA280C1C4A0011C4F4 /* Release */,
			);
			defaultConfigurationIsVisible = 0;
			defaultConfigurationName = Release;
		};
		EF6937BB280C1C4A0011C4F4 /* Build configuration list for PBXNativeTarget "DogsTests" */ = {
			isa = XCConfigurationList;
			buildConfigurations = (
				EF6937BC280C1C4A0011C4F4 /* Debug */,
				EF6937BD280C1C4A0011C4F4 /* Release */,
			);
			defaultConfigurationIsVisible = 0;
			defaultConfigurationName = Release;
		};
		EF6937BE280C1C4A0011C4F4 /* Build configuration list for PBXNativeTarget "DogsUITests" */ = {
			isa = XCConfigurationList;
			buildConfigurations = (
				EF6937BF280C1C4A0011C4F4 /* Debug */,
				EF6937C0280C1C4A0011C4F4 /* Release */,
			);
			defaultConfigurationIsVisible = 0;
			defaultConfigurationName = Release;
		};
/* End XCConfigurationList section */
	};
	rootObject = EF693786280C1C490011C4F4 /* Project object */;
}
